{
  "pins" : [
    {
      "identity" : "mixpanel-swift",
      "kind" : "remoteSourceControl",
      "location" : "https://github.com/mixpanel/mixpanel-swift",
      "state" : {
        "branch" : "master",
        "revision" : "1ce27d937009d5ecce74dad97d69898ffea49c75"
      }
    },
    {
      "identity" : "nuvem",
      "kind" : "remoteSourceControl",
      "location" : "https://github.com/mtsrodrigues/nuvem",
      "state" : {
        "branch" : "main",
        "revision" : "2e50a9c2a3c0e8b55268c32c7f191eadabacc4fc"
      }
    }
  ],
  "version" : 2
}
